
Microsoft Visual Studio Solution File, Format Version 12.00
# Visual Studio Version 17
VisualStudioVersion = 17.5.002.0
MinimumVisualStudioVersion = 10.0.40219.1
Project("{9A19103F-16F7-4668-BE54-9A1E7A4F7556}") = "Journal", "Journal.csproj", "{0C2FCE91-0D61-40FC-A9F6-598ACEA834BA}"
EndProject
Global
	GlobalSection(SolutionConfigurationPlatforms) = preSolution
		Debug|Any CPU = Debug|Any CPU
		Release|Any CPU = Release|Any CPU
	EndGlobalSection
	GlobalSection(ProjectConfigurationPlatforms) = postSolution
		{0C2FCE91-0D61-40FC-A9F6-598ACEA834BA}.Debug|Any CPU.ActiveCfg = Debug|Any CPU
		{0C2FCE91-0D61-40FC-A9F6-598ACEA834BA}.Debug|Any CPU.Build.0 = Debug|Any CPU
		{0C2FCE91-0D61-40FC-A9F6-598ACEA834BA}.Release|Any CPU.ActiveCfg = Release|Any CPU
		{0C2FCE91-0D61-40FC-A9F6-598ACEA834BA}.Release|Any CPU.Build.0 = Release|Any CPU
	EndGlobalSection
	GlobalSection(SolutionProperties) = preSolution
		HideSolutionNode = FALSE
	EndGlobalSection
	GlobalSection(ExtensibilityGlobals) = postSolution
		SolutionGuid = {DFC59069-5A9F-4D98-B1F9-BABE01D3BD20}
	EndGlobalSection
EndGlobal
